
Microsoft Visual Studio Solution File, Format Version 12.00
# Visual Studio Version 17
VisualStudioVersion = 17.9.34622.214
MinimumVisualStudioVersion = 10.0.40219.1
Project("{FAE04EC0-301F-11D3-BF4B-00C04F79EFBC}") = "projekt1", "projekt1\projekt1.csproj", "{B132B30F-CDF1-49A8-A9DE-CC146F9AFF4F}"
EndProject
Project("{FAE04EC0-301F-11D3-BF4B-00C04F79EFBC}") = "TestProject1", "TestProject1\TestProject1.csproj", "{2DABD9A1-CEE2-49C6-900B-0E6950F93594}"
	ProjectSection(ProjectDependencies) = postProject
		{B132B30F-CDF1-49A8-A9DE-CC146F9AFF4F} = {B132B30F-CDF1-49A8-A9DE-CC146F9AFF4F}
	EndProjectSection
EndProject
Global
	GlobalSection(SolutionConfigurationPlatforms) = preSolution
		Debug|Any CPU = Debug|Any CPU
		Release|Any CPU = Release|Any CPU
	EndGlobalSection
	GlobalSection(ProjectConfigurationPlatforms) = postSolution
		{B132B30F-CDF1-49A8-A9DE-CC146F9AFF4F}.Debug|Any CPU.ActiveCfg = Debug|Any CPU
		{B132B30F-CDF1-49A8-A9DE-CC146F9AFF4F}.Debug|Any CPU.Build.0 = Debug|Any CPU
		{B132B30F-CDF1-49A8-A9DE-CC146F9AFF4F}.Release|Any CPU.ActiveCfg = Release|Any CPU
		{B132B30F-CDF1-49A8-A9DE-CC146F9AFF4F}.Release|Any CPU.Build.0 = Release|Any CPU
		{2DABD9A1-CEE2-49C6-900B-0E6950F93594}.Debug|Any CPU.ActiveCfg = Debug|Any CPU
		{2DABD9A1-CEE2-49C6-900B-0E6950F93594}.Debug|Any CPU.Build.0 = Debug|Any CPU
		{2DABD9A1-CEE2-49C6-900B-0E6950F93594}.Release|Any CPU.ActiveCfg = Release|Any CPU
		{2DABD9A1-CEE2-49C6-900B-0E6950F93594}.Release|Any CPU.Build.0 = Release|Any CPU
	EndGlobalSection
	GlobalSection(SolutionProperties) = preSolution
		HideSolutionNode = FALSE
	EndGlobalSection
	GlobalSection(ExtensibilityGlobals) = postSolution
		SolutionGuid = {59669008-AB1A-4D64-B7C3-3CFAB1092A7A}
	EndGlobalSection
EndGlobal
